// !$*UTF8*$!
{
	archiveVersion = 1;
	classes = {
	};
	objectVersion = 46;
	objects = {

/* Begin PBXBuildFile section */
		276C930318F4900B00B77F70 /* Foundation.framework in Frameworks */ = {isa = PBXBuildFile; fileRef = 276C930218F4900B00B77F70 /* Foundation.framework */; };
		276C930518F4900B00B77F70 /* CoreGraphics.framework in Frameworks */ = {isa = PBXBuildFile; fileRef = 276C930418F4900B00B77F70 /* CoreGraphics.framework */; };
		276C930718F4900B00B77F70 /* UIKit.framework in Frameworks */ = {isa = PBXBuildFile; fileRef = 276C930618F4900B00B77F70 /* UIKit.framework */; };
		276C930D18F4900B00B77F70 /* InfoPlist.strings in Resources */ = {isa = PBXBuildFile; fileRef = 276C930B18F4900B00B77F70 /* InfoPlist.strings */; };
		276C930F18F4900B00B77F70 /* main.m in Sources */ = {isa = PBXBuildFile; fileRef = 276C930E18F4900B00B77F70 /* main.m */; };
		276C931318F4900B00B77F70 /* TWAppDelegate.m in Sources */ = {isa = PBXBuildFile; fileRef = 276C931218F4900B00B77F70 /* TWAppDelegate.m */; };
		276C931618F4900B00B77F70 /* Main.storyboard in Resources */ = {isa = PBXBuildFile; fileRef = 276C931418F4900B00B77F70 /* Main.storyboard */; };
		276C931918F4900B00B77F70 /* TWViewController.m in Sources */ = {isa = PBXBuildFile; fileRef = 276C931818F4900B00B77F70 /* TWViewController.m */; };
		276C931B18F4900B00B77F70 /* Images.xcassets in Resources */ = {isa = PBXBuildFile; fileRef = 276C931A18F4900B00B77F70 /* Images.xcassets */; };
		276C932218F4900B00B77F70 /* XCTest.framework in Frameworks */ = {isa = PBXBuildFile; fileRef = 276C932118F4900B00B77F70 /* XCTest.framework */; };
		276C932318F4900B00B77F70 /* Foundation.framework in Frameworks */ = {isa = PBXBuildFile; fileRef = 276C930218F4900B00B77F70 /* Foundation.framework */; };
		276C932418F4900B00B77F70 /* UIKit.framework in Frameworks */ = {isa = PBXBuildFile; fileRef = 276C930618F4900B00B77F70 /* UIKit.framework */; };
		276C932C18F4900B00B77F70 /* InfoPlist.strings in Resources */ = {isa = PBXBuildFile; fileRef = 276C932A18F4900B00B77F70 /* InfoPlist.strings */; };
		276C932E18F4900B00B77F70 /* TrafficWatchTests.m in Sources */ = {isa = PBXBuildFile; fileRef = 276C932D18F4900B00B77F70 /* TrafficWatchTests.m */; };
/* End PBXBuildFile section */

/* Begin PBXContainerItemProxy section */
		276C932518F4900B00B77F70 /* PBXContainerItemProxy */ = {
			isa = PBXContainerItemProxy;
			containerPortal = 276C92F718F4900A00B77F70 /* Project object */;
			proxyType = 1;
			remoteGlobalIDString = 276C92FE18F4900A00B77F70;
			remoteInfo = TrafficWatch;
		};
/* End PBXContainerItemProxy section */

/* Begin PBXFileReference section */
		276C92FF18F4900B00B77F70 /* TrafficWatch.app */ = {isa = PBXFileReference; explicitFileType = wrapper.application; includeInIndex = 0; path = TrafficWatch.app; sourceTree = BUILT_PRODUCTS_DIR; };
		276C930218F4900B00B77F70 /* Foundation.framework */ = {isa = PBXFileReference; lastKnownFileType = wrapper.framework; name = Foundation.framework; path = System/Library/Frameworks/Foundation.framework; sourceTree = SDKROOT; };
		276C930418F4900B00B77F70 /* CoreGraphics.framework */ = {isa = PBXFileReference; lastKnownFileType = wrapper.framework; name = CoreGraphics.framework; path = System/Library/Frameworks/CoreGraphics.framework; sourceTree = SDKROOT; };
		276C930618F4900B00B77F70 /* UIKit.framework */ = {isa = PBXFileReference; lastKnownFileType = wrapper.framework; name = UIKit.framework; path = System/Library/Frameworks/UIKit.framework; sourceTree = SDKROOT; };
		276C930A18F4900B00B77F70 /* TrafficWatch-Info.plist */ = {isa = PBXFileReference; lastKnownFileType = text.plist.xml; path = "TrafficWatch-Info.plist"; sourceTree = "<group>"; };
		276C930C18F4900B00B77F70 /* en */ = {isa = PBXFileReference; lastKnownFileType = text.plist.strings; name = en; path = en.lproj/InfoPlist.strings; sourceTree = "<group>"; };
		276C930E18F4900B00B77F70 /* main.m */ = {isa = PBXFileReference; lastKnownFileType = sourcecode.c.objc; path = main.m; sourceTree = "<group>"; };
		276C931018F4900B00B77F70 /* TrafficWatch-Prefix.pch */ = {isa = PBXFileReference; lastKnownFileType = sourcecode.c.h; path = "TrafficWatch-Prefix.pch"; sourceTree = "<group>"; };
		276C931118F4900B00B77F70 /* TWAppDelegate.h */ = {isa = PBXFileReference; lastKnownFileType = sourcecode.c.h; path = TWAppDelegate.h; sourceTree = "<group>"; };
		276C931218F4900B00B77F70 /* TWAppDelegate.m */ = {isa = PBXFileReference; lastKnownFileType = sourcecode.c.objc; path = TWAppDelegate.m; sourceTree = "<group>"; };
		276C931518F4900B00B77F70 /* Base */ = {isa = PBXFileReference; lastKnownFileType = file.storyboard; name = Base; path = Base.lproj/Main.storyboard; sourceTree = "<group>"; };
		276C931718F4900B00B77F70 /* TWViewController.h */ = {isa = PBXFileReference; lastKnownFileType = sourcecode.c.h; path = TWViewController.h; sourceTree = "<group>"; };
		276C931818F4900B00B77F70 /* TWViewController.m */ = {isa = PBXFileReference; lastKnownFileType = sourcecode.c.objc; path = TWViewController.m; sourceTree = "<group>"; };
		276C931A18F4900B00B77F70 /* Images.xcassets */ = {isa = PBXFileReference; lastKnownFileType = folder.assetcatalog; path = Images.xcassets; sourceTree = "<group>"; };
		276C932018F4900B00B77F70 /* TrafficWatchTests.xctest */ = {isa = PBXFileReference; explicitFileType = wrapper.cfbundle; includeInIndex = 0; path = TrafficWatchTests.xctest; sourceTree = BUILT_PRODUCTS_DIR; };
		276C932118F4900B00B77F70 /* XCTest.framework */ = {isa = PBXFileReference; lastKnownFileType = wrapper.framework; name = XCTest.framework; path = Library/Frameworks/XCTest.framework; sourceTree = DEVELOPER_DIR; };
		276C932918F4900B00B77F70 /* TrafficWatchTests-Info.plist */ = {isa = PBXFileReference; lastKnownFileType = text.plist.xml; path = "TrafficWatchTests-Info.plist"; sourceTree = "<group>"; };
		276C932B18F4900B00B77F70 /* en */ = {isa = PBXFileReference; lastKnownFileType = text.plist.strings; name = en; path = en.lproj/InfoPlist.strings; sourceTree = "<group>"; };
		276C932D18F4900B00B77F70 /* TrafficWatchTests.m */ = {isa = PBXFileReference; lastKnownFileType = sourcecode.c.objc; path = TrafficWatchTests.m; sourceTree = "<group>"; };
/* End PBXFileReference section */

/* Begin PBXFrameworksBuildPhase section */
		276C92FC18F4900A00B77F70 /* Frameworks */ = {
			isa = PBXFrameworksBuildPhase;
			buildActionMask = 2147483647;
			files = (
				276C930518F4900B00B77F70 /* CoreGraphics.framework in Frameworks */,
				276C930718F4900B00B77F70 /* UIKit.framework in Frameworks */,
				276C930318F4900B00B77F70 /* Foundation.framework in Frameworks */,
			);
			runOnlyForDeploymentPostprocessing = 0;
		};
		276C931D18F4900B00B77F70 /* Frameworks */ = {
			isa = PBXFrameworksBuildPhase;
			buildActionMask = 2147483647;
			files = (
				276C932218F4900B00B77F70 /* XCTest.framework in Frameworks */,
				276C932418F4900B00B77F70 /* UIKit.framework in Frameworks */,
				276C932318F4900B00B77F70 /* Foundation.framework in Frameworks */,
			);
			runOnlyForDeploymentPostprocessing = 0;
		};
/* End PBXFrameworksBuildPhase section */

/* Begin PBXGroup section */
		276C92F618F4900A00B77F70 = {
			isa = PBXGroup;
			children = (
				276C930818F4900B00B77F70 /* TrafficWatch */,
				276C932718F4900B00B77F70 /* TrafficWatchTests */,
				276C930118F4900B00B77F70 /* Frameworks */,
				276C930018F4900B00B77F70 /* Products */,
			);
			sourceTree = "<group>";
		};
		276C930018F4900B00B77F70 /* Products */ = {
			isa = PBXGroup;
			children = (
				276C92FF18F4900B00B77F70 /* TrafficWatch.app */,
				276C932018F4900B00B77F70 /* TrafficWatchTests.xctest */,
			);
			name = Products;
			sourceTree = "<group>";
		};
		276C930118F4900B00B77F70 /* Frameworks */ = {
			isa = PBXGroup;
			children = (
				276C930218F4900B00B77F70 /* Foundation.framework */,
				276C930418F4900B00B77F70 /* CoreGraphics.framework */,
				276C930618F4900B00B77F70 /* UIKit.framework */,
				276C932118F4900B00B77F70 /* XCTest.framework */,
			);
			name = Frameworks;
			sourceTree = "<group>";
		};
		276C930818F4900B00B77F70 /* TrafficWatch */ = {
			isa = PBXGroup;
			children = (
				276C931118F4900B00B77F70 /* TWAppDelegate.h */,
				276C931218F4900B00B77F70 /* TWAppDelegate.m */,
				276C931418F4900B00B77F70 /* Main.storyboard */,
				276C931718F4900B00B77F70 /* TWViewController.h */,
				276C931818F4900B00B77F70 /* TWViewController.m */,
				276C931A18F4900B00B77F70 /* Images.xcassets */,
				276C930918F4900B00B77F70 /* Supporting Files */,
			);
			path = TrafficWatch;
			sourceTree = "<group>";
		};
		276C930918F4900B00B77F70 /* Supporting Files */ = {
			isa = PBXGroup;
			children = (
				276C930A18F4900B00B77F70 /* TrafficWatch-Info.plist */,
				276C930B18F4900B00B77F70 /* InfoPlist.strings */,
				276C930E18F4900B00B77F70 /* main.m */,
				276C931018F4900B00B77F70 /* TrafficWatch-Prefix.pch */,
			);
			name = "Supporting Files";
			sourceTree = "<group>";
		};
		276C932718F4900B00B77F70 /* TrafficWatchTests */ = {
			isa = PBXGroup;
			children = (
				276C932D18F4900B00B77F70 /* TrafficWatchTests.m */,
				276C932818F4900B00B77F70 /* Supporting Files */,
			);
			path = TrafficWatchTests;
			sourceTree = "<group>";
		};
		276C932818F4900B00B77F70 /* Supporting Files */ = {
			isa = PBXGroup;
			children = (
				276C932918F4900B00B77F70 /* TrafficWatchTests-Info.plist */,
				276C932A18F4900B00B77F70 /* InfoPlist.strings */,
			);
			name = "Supporting Files";
			sourceTree = "<group>";
		};
/* End PBXGroup section */

/* Begin PBXNativeTarget section */
		276C92FE18F4900A00B77F70 /* TrafficWatch */ = {
			isa = PBXNativeTarget;
			buildConfigurationList = 276C933118F4900B00B77F70 /* Build configuration list for PBXNativeTarget "TrafficWatch" */;
			buildPhases = (
				276C92FB18F4900A00B77F70 /* Sources */,
				276C92FC18F4900A00B77F70 /* Frameworks */,
				276C92FD18F4900A00B77F70 /* Resources */,
			);
			buildRules = (
			);
			dependencies = (
			);
			name = TrafficWatch;
			productName = TrafficWatch;
			productReference = 276C92FF18F4900B00B77F70 /* TrafficWatch.app */;
			productType = "com.apple.product-type.application";
		};
		276C931F18F4900B00B77F70 /* TrafficWatchTests */ = {
			isa = PBXNativeTarget;
			buildConfigurationList = 276C933418F4900B00B77F70 /* Build configuration list for PBXNativeTarget "TrafficWatchTests" */;
			buildPhases = (
				276C931C18F4900B00B77F70 /* Sources */,
				276C931D18F4900B00B77F70 /* Frameworks */,
				276C931E18F4900B00B77F70 /* Resources */,
			);
			buildRules = (
			);
			dependencies = (
				276C932618F4900B00B77F70 /* PBXTargetDependency */,
			);
			name = TrafficWatchTests;
			productName = TrafficWatchTests;
			productReference = 276C932018F4900B00B77F70 /* TrafficWatchTests.xctest */;
			productType = "com.apple.product-type.bundle.unit-test";
		};
/* End PBXNativeTarget section */

/* Begin PBXProject section */
		276C92F718F4900A00B77F70 /* Project object */ = {
			isa = PBXProject;
			attributes = {
				CLASSPREFIX = TW;
				LastUpgradeCheck = 0510;
				ORGANIZATIONNAME = "LS1 TUM";
				TargetAttributes = {
					276C931F18F4900B00B77F70 = {
						TestTargetID = 276C92FE18F4900A00B77F70;
					};
				};
			};
			buildConfigurationList = 276C92FA18F4900A00B77F70 /* Build configuration list for PBXProject "TrafficWatch" */;
			compatibilityVersion = "Xcode 3.2";
			developmentRegion = English;
			hasScannedForEncodings = 0;
			knownRegions = (
				en,
				Base,
			);
			mainGroup = 276C92F618F4900A00B77F70;
			productRefGroup = 276C930018F4900B00B77F70 /* Products */;
			projectDirPath = "";
			projectRoot = "";
			targets = (
				276C92FE18F4900A00B77F70 /* TrafficWatch */,
				276C931F18F4900B00B77F70 /* TrafficWatchTests */,
			);
		};
/* End PBXProject section */

/* Begin PBXResourcesBuildPhase section */
		276C92FD18F4900A00B77F70 /* Resources */ = {
			isa = PBXResourcesBuildPhase;
			buildActionMask = 2147483647;
			files = (
				276C931B18F4900B00B77F70 /* Images.xcassets in Resources */,
				276C930D18F4900B00B77F70 /* InfoPlist.strings in Resources */,
				276C931618F4900B00B77F70 /* Main.storyboard in Resources */,
			);
			runOnlyForDeploymentPostprocessing = 0;
		};
		276C931E18F4900B00B77F70 /* Resources */ = {
			isa = PBXResourcesBuildPhase;
			buildActionMask = 2147483647;
			files = (
				276C932C18F4900B00B77F70 /* InfoPlist.strings in Resources */,
			);
			runOnlyForDeploymentPostprocessing = 0;
		};
/* End PBXResourcesBuildPhase section */

/* Begin PBXSourcesBuildPhase section */
		276C92FB18F4900A00B77F70 /* Sources */ = {
			isa = PBXSourcesBuildPhase;
			buildActionMask = 2147483647;
			files = (
				276C930F18F4900B00B77F70 /* main.m in Sources */,
				276C931318F4900B00B77F70 /* TWAppDelegate.m in Sources */,
				276C931918F4900B00B77F70 /* TWViewController.m in Sources */,
			);
			runOnlyForDeploymentPostprocessing = 0;
		};
		276C931C18F4900B00B77F70 /* Sources */ = {
			isa = PBXSourcesBuildPhase;
			buildActionMask = 2147483647;
			files = (
				276C932E18F4900B00B77F70 /* TrafficWatchTests.m in Sources */,
			);
			runOnlyForDeploymentPostprocessing = 0;
		};
/* End PBXSourcesBuildPhase section */

/* Begin PBXTargetDependency section */
		276C932618F4900B00B77F70 /* PBXTargetDependency */ = {
			isa = PBXTargetDependency;
			target = 276C92FE18F4900A00B77F70 /* TrafficWatch */;
			targetProxy = 276C932518F4900B00B77F70 /* PBXContainerItemProxy */;
		};
/* End PBXTargetDependency section */

/* Begin PBXVariantGroup section */
		276C930B18F4900B00B77F70 /* InfoPlist.strings */ = {
			isa = PBXVariantGroup;
			children = (
				276C930C18F4900B00B77F70 /* en */,
			);
			name = InfoPlist.strings;
			sourceTree = "<group>";
		};
		276C931418F4900B00B77F70 /* Main.storyboard */ = {
			isa = PBXVariantGroup;
			children = (
				276C931518F4900B00B77F70 /* Base */,
			);
			name = Main.storyboard;
			sourceTree = "<group>";
		};
		276C932A18F4900B00B77F70 /* InfoPlist.strings */ = {
			isa = PBXVariantGroup;
			children = (
				276C932B18F4900B00B77F70 /* en */,
			);
			name = InfoPlist.strings;
			sourceTree = "<group>";
		};
/* End PBXVariantGroup section */

/* Begin XCBuildConfiguration section */
		276C932F18F4900B00B77F70 /* Debug */ = {
			isa = XCBuildConfiguration;
			buildSettings = {
				ALWAYS_SEARCH_USER_PATHS = NO;
				CLANG_CXX_LANGUAGE_STANDARD = "gnu++0x";
				CLANG_CXX_LIBRARY = "libc++";
				CLANG_ENABLE_MODULES = YES;
				CLANG_ENABLE_OBJC_ARC = YES;
				CLANG_WARN_BOOL_CONVERSION = YES;
				CLANG_WARN_CONSTANT_CONVERSION = YES;
				CLANG_WARN_DIRECT_OBJC_ISA_USAGE = YES_ERROR;
				CLANG_WARN_EMPTY_BODY = YES;
				CLANG_WARN_ENUM_CONVERSION = YES;
				CLANG_WARN_INT_CONVERSION = YES;
				CLANG_WARN_OBJC_ROOT_CLASS = YES_ERROR;
				CLANG_WARN__DUPLICATE_METHOD_MATCH = YES;
				"CODE_SIGN_IDENTITY[sdk=iphoneos*]" = "iPhone Developer";
				COPY_PHASE_STRIP = NO;
				GCC_C_LANGUAGE_STANDARD = gnu99;
				GCC_DYNAMIC_NO_PIC = NO;
				GCC_OPTIMIZATION_LEVEL = 0;
				GCC_PREPROCESSOR_DEFINITIONS = (
					"DEBUG=1",
					"$(inherited)",
				);
				GCC_SYMBOLS_PRIVATE_EXTERN = NO;
				GCC_WARN_64_TO_32_BIT_CONVERSION = YES;
				GCC_WARN_ABOUT_RETURN_TYPE = YES_ERROR;
				GCC_WARN_UNDECLARED_SELECTOR = YES;
				GCC_WARN_UNINITIALIZED_AUTOS = YES_AGGRESSIVE;
				GCC_WARN_UNUSED_FUNCTION = YES;
				GCC_WARN_UNUSED_VARIABLE = YES;
				IPHONEOS_DEPLOYMENT_TARGET = 7.1;
				ONLY_ACTIVE_ARCH = YES;
				SDKROOT = iphoneos;
			};
			name = Debug;
		};
		276C933018F4900B00B77F70 /* Release */ = {
			isa = XCBuildConfiguration;
			buildSettings = {
				ALWAYS_SEARCH_USER_PATHS = NO;
				CLANG_CXX_LANGUAGE_STANDARD = "gnu++0x";
				CLANG_CXX_LIBRARY = "libc++";
				CLANG_ENABLE_MODULES = YES;
				CLANG_ENABLE_OBJC_ARC = YES;
				CLANG_WARN_BOOL_CONVERSION = YES;
				CLANG_WARN_CONSTANT_CONVERSION = YES;
				CLANG_WARN_DIRECT_OBJC_ISA_USAGE = YES_ERROR;
				CLANG_WARN_EMPTY_BODY = YES;
				CLANG_WARN_ENUM_CONVERSION = YES;
				CLANG_WARN_INT_CONVERSION = YES;
				CLANG_WARN_OBJC_ROOT_CLASS = YES_ERROR;
				CLANG_WARN__DUPLICATE_METHOD_MATCH = YES;
				"CODE_SIGN_IDENTITY[sdk=iphoneos*]" = "iPhone Developer";
				COPY_PHASE_STRIP = YES;
				ENABLE_NS_ASSERTIONS = NO;
				GCC_C_LANGUAGE_STANDARD = gnu99;
				GCC_WARN_64_TO_32_BIT_CONVERSION = YES;
				GCC_WARN_ABOUT_RETURN_TYPE = YES_ERROR;
				GCC_WARN_UNDECLARED_SELECTOR = YES;
				GCC_WARN_UNINITIALIZED_AUTOS = YES_AGGRESSIVE;
				GCC_WARN_UNUSED_FUNCTION = YES;
				GCC_WARN_UNUSED_VARIABLE = YES;
				IPHONEOS_DEPLOYMENT_TARGET = 7.1;
				SDKROOT = iphoneos;
				VALIDATE_PRODUCT = YES;
			};
			name = Release;
		};
		276C933218F4900B00B77F70 /* Debug */ = {
			isa = XCBuildConfiguration;
			buildSettings = {
				ASSETCATALOG_COMPILER_APPICON_NAME = AppIcon;
				ASSETCATALOG_COMPILER_LAUNCHIMAGE_NAME = LaunchImage;
				GCC_PRECOMPILE_PREFIX_HEADER = YES;
				GCC_PREFIX_HEADER = "TrafficWatch/TrafficWatch-Prefix.pch";
				INFOPLIST_FILE = "TrafficWatch/TrafficWatch-Info.plist";
				PRODUCT_NAME = "$(TARGET_NAME)";
				WRAPPER_EXTENSION = app;
			};
			name = Debug;
		};
		276C933318F4900B00B77F70 /* Release */ = {
			isa = XCBuildConfiguration;
			buildSettings = {
				ASSETCATALOG_COMPILER_APPICON_NAME = AppIcon;
				ASSETCATALOG_COMPILER_LAUNCHIMAGE_NAME = LaunchImage;
				GCC_PRECOMPILE_PREFIX_HEADER = YES;
				GCC_PREFIX_HEADER = "TrafficWatch/TrafficWatch-Prefix.pch";
				INFOPLIST_FILE = "TrafficWatch/TrafficWatch-Info.plist";
				PRODUCT_NAME = "$(TARGET_NAME)";
				WRAPPER_EXTENSION = app;
			};
			name = Release;
		};
		276C933518F4900B00B77F70 /* Debug */ = {
			isa = XCBuildConfiguration;
			buildSettings = {
				BUNDLE_LOADER = "$(BUILT_PRODUCTS_DIR)/TrafficWatch.app/TrafficWatch";
				FRAMEWORK_SEARCH_PATHS = (
					"$(SDKROOT)/Developer/Library/Frameworks",
					"$(inherited)",
					"$(DEVELOPER_FRAMEWORKS_DIR)",
				);
				GCC_PRECOMPILE_PREFIX_HEADER = YES;
				GCC_PREFIX_HEADER = "TrafficWatch/TrafficWatch-Prefix.pch";
				GCC_PREPROCESSOR_DEFINITIONS = (
					"DEBUG=1",
					"$(inherited)",
				);
				INFOPLIST_FILE = "TrafficWatchTests/TrafficWatchTests-Info.plist";
				PRODUCT_NAME = "$(TARGET_NAME)";
				TEST_HOST = "$(BUNDLE_LOADER)";
				WRAPPER_EXTENSION = xctest;
			};
			name = Debug;
		};
		276C933618F4900B00B77F70 /* Release */ = {
			isa = XCBuildConfiguration;
			buildSettings = {
				BUNDLE_LOADER = "$(BUILT_PRODUCTS_DIR)/TrafficWatch.app/TrafficWatch";
				FRAMEWORK_SEARCH_PATHS = (
					"$(SDKROOT)/Developer/Library/Frameworks",
					"$(inherited)",
					"$(DEVELOPER_FRAMEWORKS_DIR)",
				);
				GCC_PRECOMPILE_PREFIX_HEADER = YES;
				GCC_PREFIX_HEADER = "TrafficWatch/TrafficWatch-Prefix.pch";
				INFOPLIST_FILE = "TrafficWatchTests/TrafficWatchTests-Info.plist";
				PRODUCT_NAME = "$(TARGET_NAME)";
				TEST_HOST = "$(BUNDLE_LOADER)";
				WRAPPER_EXTENSION = xctest;
			};
			name = Release;
		};
/* End XCBuildConfiguration section */

/* Begin XCConfigurationList section */
		276C92FA18F4900A00B77F70 /* Build configuration list for PBXProject "TrafficWatch" */ = {
			isa = XCConfigurationList;
			buildConfigurations = (
				276C932F18F4900B00B77F70 /* Debug */,
				276C933018F4900B00B77F70 /* Release */,
			);
			defaultConfigurationIsVisible = 0;
			defaultConfigurationName = Release;
		};
		276C933118F4900B00B77F70 /* Build configuration list for PBXNativeTarget "TrafficWatch" */ = {
			isa = XCConfigurationList;
			buildConfigurations = (
				276C933218F4900B00B77F70 /* Debug */,
				276C933318F4900B00B77F70 /* Release */,
			);
			defaultConfigurationIsVisible = 0;
		};
		276C933418F4900B00B77F70 /* Build configuration list for PBXNativeTarget "TrafficWatchTests" */ = {
			isa = XCConfigurationList;
			buildConfigurations = (
				276C933518F4900B00B77F70 /* Debug */,
				276C933618F4900B00B77F70 /* Release */,
			);
			defaultConfigurationIsVisible = 0;
		};
/* End XCConfigurationList section */
	};
	rootObject = 276C92F718F4900A00B77F70 /* Project object */;
}
